
Microsoft Visual Studio Solution File, Format Version 12.00
# Visual Studio 15
VisualStudioVersion = 15.0.27703.2042
MinimumVisualStudioVersion = 10.0.40219.1
Project("{FAE04EC0-301F-11D3-BF4B-00C04F79EFBC}") = "server", "server\server.csproj", "{68BA8A2A-4EF6-4BAA-8EAF-80052DD73496}"
EndProject
Project("{FAE04EC0-301F-11D3-BF4B-00C04F79EFBC}") = "common", "common\common.csproj", "{5ACFC35A-4648-4B72-8457-266A8F4ADCEB}"
EndProject
Global
	GlobalSection(SolutionConfigurationPlatforms) = preSolution
		Debug|Any CPU = Debug|Any CPU
		Release|Any CPU = Release|Any CPU
	EndGlobalSection
	GlobalSection(ProjectConfigurationPlatforms) = postSolution
		{68BA8A2A-4EF6-4BAA-8EAF-80052DD73496}.Debug|Any CPU.ActiveCfg = Debug|Any CPU
		{68BA8A2A-4EF6-4BAA-8EAF-80052DD73496}.Debug|Any CPU.Build.0 = Debug|Any CPU
		{68BA8A2A-4EF6-4BAA-8EAF-80052DD73496}.Release|Any CPU.ActiveCfg = Release|Any CPU
		{68BA8A2A-4EF6-4BAA-8EAF-80052DD73496}.Release|Any CPU.Build.0 = Release|Any CPU
		{5ACFC35A-4648-4B72-8457-266A8F4ADCEB}.Debug|Any CPU.ActiveCfg = Debug|Any CPU
		{5ACFC35A-4648-4B72-8457-266A8F4ADCEB}.Debug|Any CPU.Build.0 = Debug|Any CPU
		{5ACFC35A-4648-4B72-8457-266A8F4ADCEB}.Release|Any CPU.ActiveCfg = Release|Any CPU
		{5ACFC35A-4648-4B72-8457-266A8F4ADCEB}.Release|Any CPU.Build.0 = Release|Any CPU
	EndGlobalSection
	GlobalSection(SolutionProperties) = preSolution
		HideSolutionNode = FALSE
	EndGlobalSection
	GlobalSection(ExtensibilityGlobals) = postSolution
		SolutionGuid = {F638B791-5F68-42A3-B8B4-0DA793112DAD}
	EndGlobalSection
EndGlobal
